
Microsoft Visual Studio Solution File, Format Version 12.00
# Visual Studio Version 16
VisualStudioVersion = 25.0.1705.6
MinimumVisualStudioVersion = 10.0.40219.1
Project("{FAE04EC0-301F-11D3-BF4B-00C04F79EFBC}") = "RunBashOrCMD", "RunBashOrCMD\RunBashOrCMD.csproj", "{B3EE904C-4A40-4FB5-A0F2-B1193B2FDA18}"
EndProject
Global
	GlobalSection(SolutionConfigurationPlatforms) = preSolution
		Debug|Any CPU = Debug|Any CPU
		Release|Any CPU = Release|Any CPU
	EndGlobalSection
	GlobalSection(ProjectConfigurationPlatforms) = postSolution
		{B3EE904C-4A40-4FB5-A0F2-B1193B2FDA18}.Debug|Any CPU.ActiveCfg = Debug|Any CPU
		{B3EE904C-4A40-4FB5-A0F2-B1193B2FDA18}.Debug|Any CPU.Build.0 = Debug|Any CPU
		{B3EE904C-4A40-4FB5-A0F2-B1193B2FDA18}.Release|Any CPU.ActiveCfg = Release|Any CPU
		{B3EE904C-4A40-4FB5-A0F2-B1193B2FDA18}.Release|Any CPU.Build.0 = Release|Any CPU
	EndGlobalSection
	GlobalSection(SolutionProperties) = preSolution
		HideSolutionNode = FALSE
	EndGlobalSection
	GlobalSection(ExtensibilityGlobals) = postSolution
		SolutionGuid = {46CC5179-5F2D-4798-9E59-C9C271EA7DBD}
	EndGlobalSection
EndGlobal
